
Microsoft Visual Studio Solution File, Format Version 12.00
# Visual Studio Version 17
VisualStudioVersion = 17.10.35027.167
MinimumVisualStudioVersion = 10.0.40219.1
Project("{FAE04EC0-301F-11D3-BF4B-00C04F79EFBC}") = "SQLproject", "SQLproject.csproj", "{513B9D8F-FCBC-4478-BC4C-D14D97931125}"
EndProject
Global
	GlobalSection(SolutionConfigurationPlatforms) = preSolution
		Debug|Any CPU = Debug|Any CPU
		Release|Any CPU = Release|Any CPU
	EndGlobalSection
	GlobalSection(ProjectConfigurationPlatforms) = postSolution
		{513B9D8F-FCBC-4478-BC4C-D14D97931125}.Debug|Any CPU.ActiveCfg = Debug|Any CPU
		{513B9D8F-FCBC-4478-BC4C-D14D97931125}.Debug|Any CPU.Build.0 = Debug|Any CPU
		{513B9D8F-FCBC-4478-BC4C-D14D97931125}.Release|Any CPU.ActiveCfg = Release|Any CPU
		{513B9D8F-FCBC-4478-BC4C-D14D97931125}.Release|Any CPU.Build.0 = Release|Any CPU
	EndGlobalSection
	GlobalSection(SolutionProperties) = preSolution
		HideSolutionNode = FALSE
	EndGlobalSection
	GlobalSection(ExtensibilityGlobals) = postSolution
		SolutionGuid = {7FCEFB4E-98CE-4CB2-8193-C7E2BDAFBD86}
	EndGlobalSection
EndGlobal
